// !$*UTF8*$!
{
	archiveVersion = 1;
	classes = {
	};
	objectVersion = 48;
	objects = {

/* Begin PBXBuildFile section */
		DDA1B5F21FD8011800B02394 /* AppDelegate.swift in Sources */ = {isa = PBXBuildFile; fileRef = DDA1B5F11FD8011800B02394 /* AppDelegate.swift */; };
		DDA1B5F41FD8011800B02394 /* ViewController.swift in Sources */ = {isa = PBXBuildFile; fileRef = DDA1B5F31FD8011800B02394 /* ViewController.swift */; };
		DDA1B5F71FD8011800B02394 /* Main.storyboard in Resources */ = {isa = PBXBuildFile; fileRef = DDA1B5F51FD8011800B02394 /* Main.storyboard */; };
		DDA1B5F91FD8011800B02394 /* Assets.xcassets in Resources */ = {isa = PBXBuildFile; fileRef = DDA1B5F81FD8011800B02394 /* Assets.xcassets */; };
		DDA1B5FC1FD8011800B02394 /* LaunchScreen.storyboard in Resources */ = {isa = PBXBuildFile; fileRef = DDA1B5FA1FD8011800B02394 /* LaunchScreen.storyboard */; };
/* End PBXBuildFile section */

/* Begin PBXFileReference section */
		DDA1B5EE1FD8011800B02394 /* ios-udp-dooropener.app */ = {isa = PBXFileReference; explicitFileType = wrapper.application; includeInIndex = 0; path = "ios-udp-dooropener.app"; sourceTree = BUILT_PRODUCTS_DIR; };
		DDA1B5F11FD8011800B02394 /* AppDelegate.swift */ = {isa = PBXFileReference; lastKnownFileType = sourcecode.swift; path = AppDelegate.swift; sourceTree = "<group>"; };
		DDA1B5F31FD8011800B02394 /* ViewController.swift */ = {isa = PBXFileReference; lastKnownFileType = sourcecode.swift; path = ViewController.swift; sourceTree = "<group>"; };
		DDA1B5F61FD8011800B02394 /* Base */ = {isa = PBXFileReference; lastKnownFileType = file.storyboard; name = Base; path = Base.lproj/Main.storyboard; sourceTree = "<group>"; };
		DDA1B5F81FD8011800B02394 /* Assets.xcassets */ = {isa = PBXFileReference; lastKnownFileType = folder.assetcatalog; path = Assets.xcassets; sourceTree = "<group>"; };
		DDA1B5FB1FD8011800B02394 /* Base */ = {isa = PBXFileReference; lastKnownFileType = file.storyboard; name = Base; path = Base.lproj/LaunchScreen.storyboard; sourceTree = "<group>"; };
		DDA1B5FD1FD8011800B02394 /* Info.plist */ = {isa = PBXFileReference; lastKnownFileType = text.plist.xml; path = Info.plist; sourceTree = "<group>"; };
/* End PBXFileReference section */

/* Begin PBXFrameworksBuildPhase section */
		DDA1B5EB1FD8011800B02394 /* Frameworks */ = {
			isa = PBXFrameworksBuildPhase;
			buildActionMask = 2147483647;
			files = (
			);
			runOnlyForDeploymentPostprocessing = 0;
		};
/* End PBXFrameworksBuildPhase section */

/* Begin PBXGroup section */
		DDA1B5E51FD8011800B02394 = {
			isa = PBXGroup;
			children = (
				DDA1B5F01FD8011800B02394 /* ios-udp-dooropener */,
				DDA1B5EF1FD8011800B02394 /* Products */,
			);
			sourceTree = "<group>";
		};
		DDA1B5EF1FD8011800B02394 /* Products */ = {
			isa = PBXGroup;
			children = (
				DDA1B5EE1FD8011800B02394 /* ios-udp-dooropener.app */,
			);
			name = Products;
			sourceTree = "<group>";
		};
		DDA1B5F01FD8011800B02394 /* ios-udp-dooropener */ = {
			isa = PBXGroup;
			children = (
				DDA1B5F11FD8011800B02394 /* AppDelegate.swift */,
				DDA1B5F31FD8011800B02394 /* ViewController.swift */,
				DDA1B5F51FD8011800B02394 /* Main.storyboard */,
				DDA1B5F81FD8011800B02394 /* Assets.xcassets */,
				DDA1B5FA1FD8011800B02394 /* LaunchScreen.storyboard */,
				DDA1B5FD1FD8011800B02394 /* Info.plist */,
			);
			path = "ios-udp-dooropener";
			sourceTree = "<group>";
		};
/* End PBXGroup section */

/* Begin PBXNativeTarget section */
		DDA1B5ED1FD8011800B02394 /* ios-udp-dooropener */ = {
			isa = PBXNativeTarget;
			buildConfigurationList = DDA1B6001FD8011800B02394 /* Build configuration list for PBXNativeTarget "ios-udp-dooropener" */;
			buildPhases = (
				DDA1B5EA1FD8011800B02394 /* Sources */,
				DDA1B5EB1FD8011800B02394 /* Frameworks */,
				DDA1B5EC1FD8011800B02394 /* Resources */,
			);
			buildRules = (
			);
			dependencies = (
			);
			name = "ios-udp-dooropener";
			productName = "ios-udp-dooropener";
			productReference = DDA1B5EE1FD8011800B02394 /* ios-udp-dooropener.app */;
			productType = "com.apple.product-type.application";
		};
/* End PBXNativeTarget section */

/* Begin PBXProject section */
		DDA1B5E61FD8011800B02394 /* Project object */ = {
			isa = PBXProject;
			attributes = {
				LastSwiftUpdateCheck = 0910;
				LastUpgradeCheck = 0910;
				ORGANIZATIONNAME = "Jonas Kreusch";
				TargetAttributes = {
					DDA1B5ED1FD8011800B02394 = {
						CreatedOnToolsVersion = 9.1;
						ProvisioningStyle = Automatic;
					};
				};
			};
			buildConfigurationList = DDA1B5E91FD8011800B02394 /* Build configuration list for PBXProject "ios-udp-dooropener" */;
			compatibilityVersion = "Xcode 8.0";
			developmentRegion = en;
			hasScannedForEncodings = 0;
			knownRegions = (
				en,
				Base,
			);
			mainGroup = DDA1B5E51FD8011800B02394;
			productRefGroup = DDA1B5EF1FD8011800B02394 /* Products */;
			projectDirPath = "";
			projectRoot = "";
			targets = (
				DDA1B5ED1FD8011800B02394 /* ios-udp-dooropener */,
			);
		};
/* End PBXProject section */

/* Begin PBXResourcesBuildPhase section */
		DDA1B5EC1FD8011800B02394 /* Resources */ = {
			isa = PBXResourcesBuildPhase;
			buildActionMask = 2147483647;
			files = (
				DDA1B5FC1FD8011800B02394 /* LaunchScreen.storyboard in Resources */,
				DDA1B5F91FD8011800B02394 /* Assets.xcassets in Resources */,
				DDA1B5F71FD8011800B02394 /* Main.storyboard in Resources */,
			);
			runOnlyForDeploymentPostprocessing = 0;
		};
/* End PBXResourcesBuildPhase section */

/* Begin PBXSourcesBuildPhase section */
		DDA1B5EA1FD8011800B02394 /* Sources */ = {
			isa = PBXSourcesBuildPhase;
			buildActionMask = 2147483647;
			files = (
				DDA1B5F41FD8011800B02394 /* ViewController.swift in Sources */,
				DDA1B5F21FD8011800B02394 /* AppDelegate.swift in Sources */,
			);
			runOnlyForDeploymentPostprocessing = 0;
		};
/* End PBXSourcesBuildPhase section */

/* Begin PBXVariantGroup section */
		DDA1B5F51FD8011800B02394 /* Main.storyboard */ = {
			isa = PBXVariantGroup;
			children = (
				DDA1B5F61FD8011800B02394 /* Base */,
			);
			name = Main.storyboard;
			sourceTree = "<group>";
		};
		DDA1B5FA1FD8011800B02394 /* LaunchScreen.storyboard */ = {
			isa = PBXVariantGroup;
			children = (
				DDA1B5FB1FD8011800B02394 /* Base */,
			);
			name = LaunchScreen.storyboard;
			sourceTree = "<group>";
		};
/* End PBXVariantGroup section */

/* Begin XCBuildConfiguration section */
		DDA1B5FE1FD8011800B02394 /* Debug */ = {
			isa = XCBuildConfiguration;
			buildSettings = {
				ALWAYS_SEARCH_USER_PATHS = NO;
				CLANG_ANALYZER_NONNULL = YES;
				CLANG_ANALYZER_NUMBER_OBJECT_CONVERSION = YES_AGGRESSIVE;
				CLANG_CXX_LANGUAGE_STANDARD = "gnu++14";
				CLANG_CXX_LIBRARY = "libc++";
				CLANG_ENABLE_MODULES = YES;
				CLANG_ENABLE_OBJC_ARC = YES;
				CLANG_WARN_BLOCK_CAPTURE_AUTORELEASING = YES;
				CLANG_WARN_BOOL_CONVERSION = YES;
				CLANG_WARN_COMMA = YES;
				CLANG_WARN_CONSTANT_CONVERSION = YES;
				CLANG_WARN_DIRECT_OBJC_ISA_USAGE = YES_ERROR;
				CLANG_WARN_DOCUMENTATION_COMMENTS = YES;
				CLANG_WARN_EMPTY_BODY = YES;
				CLANG_WARN_ENUM_CONVERSION = YES;
				CLANG_WARN_INFINITE_RECURSION = YES;
				CLANG_WARN_INT_CONVERSION = YES;
				CLANG_WARN_NON_LITERAL_NULL_CONVERSION = YES;
				CLANG_WARN_OBJC_LITERAL_CONVERSION = YES;
				CLANG_WARN_OBJC_ROOT_CLASS = YES_ERROR;
				CLANG_WARN_RANGE_LOOP_ANALYSIS = YES;
				CLANG_WARN_STRICT_PROTOTYPES = YES;
				CLANG_WARN_SUSPICIOUS_MOVE = YES;
				CLANG_WARN_UNGUARDED_AVAILABILITY = YES_AGGRESSIVE;
				CLANG_WARN_UNREACHABLE_CODE = YES;
				CLANG_WARN__DUPLICATE_METHOD_MATCH = YES;
				CODE_SIGN_IDENTITY = "iPhone Developer";
				COPY_PHASE_STRIP = NO;
				DEBUG_INFORMATION_FORMAT = dwarf;
				ENABLE_STRICT_OBJC_MSGSEND = YES;
				ENABLE_TESTABILITY = YES;
				GCC_C_LANGUAGE_STANDARD = gnu11;
				GCC_DYNAMIC_NO_PIC = NO;
				GCC_NO_COMMON_BLOCKS = YES;
				GCC_OPTIMIZATION_LEVEL = 0;
				GCC_PREPROCESSOR_DEFINITIONS = (
					"DEBUG=1",
					"$(inherited)",
				);
				GCC_WARN_64_TO_32_BIT_CONVERSION = YES;
				GCC_WARN_ABOUT_RETURN_TYPE = YES_ERROR;
				GCC_WARN_UNDECLARED_SELECTOR = YES;
				GCC_WARN_UNINITIALIZED_AUTOS = YES_AGGRESSIVE;
				GCC_WARN_UNUSED_FUNCTION = YES;
				GCC_WARN_UNUSED_VARIABLE = YES;
				IPHONEOS_DEPLOYMENT_TARGET = 11.1;
				MTL_ENABLE_DEBUG_INFO = YES;
				ONLY_ACTIVE_ARCH = YES;
				SDKROOT = iphoneos;
				SWIFT_ACTIVE_COMPILATION_CONDITIONS = DEBUG;
				SWIFT_OPTIMIZATION_LEVEL = "-Onone";
			};
			name = Debug;
		};
		DDA1B5FF1FD8011800B02394 /* Release */ = {
			isa = XCBuildConfiguration;
			buildSettings = {
				ALWAYS_SEARCH_USER_PATHS = NO;
				CLANG_ANALYZER_NONNULL = YES;
				CLANG_ANALYZER_NUMBER_OBJECT_CONVERSION = YES_AGGRESSIVE;
				CLANG_CXX_LANGUAGE_STANDARD = "gnu++14";
				CLANG_CXX_LIBRARY = "libc++";
				CLANG_ENABLE_MODULES = YES;
				CLANG_ENABLE_OBJC_ARC = YES;
				CLANG_WARN_BLOCK_CAPTURE_AUTORELEASING = YES;
				CLANG_WARN_BOOL_CONVERSION = YES;
				CLANG_WARN_COMMA = YES;
				CLANG_WARN_CONSTANT_CONVERSION = YES;
				CLANG_WARN_DIRECT_OBJC_ISA_USAGE = YES_ERROR;
				CLANG_WARN_DOCUMENTATION_COMMENTS = YES;
				CLANG_WARN_EMPTY_BODY = YES;
				CLANG_WARN_ENUM_CONVERSION = YES;
				CLANG_WARN_INFINITE_RECURSION = YES;
				CLANG_WARN_INT_CONVERSION = YES;
				CLANG_WARN_NON_LITERAL_NULL_CONVERSION = YES;
				CLANG_WARN_OBJC_LITERAL_CONVERSION = YES;
				CLANG_WARN_OBJC_ROOT_CLASS = YES_ERROR;
				CLANG_WARN_RANGE_LOOP_ANALYSIS = YES;
				CLANG_WARN_STRICT_PROTOTYPES = YES;
				CLANG_WARN_SUSPICIOUS_MOVE = YES;
				CLANG_WARN_UNGUARDED_AVAILABILITY = YES_AGGRESSIVE;
				CLANG_WARN_UNREACHABLE_CODE = YES;
				CLANG_WARN__DUPLICATE_METHOD_MATCH = YES;
				CODE_SIGN_IDENTITY = "iPhone Developer";
				COPY_PHASE_STRIP = NO;
				DEBUG_INFORMATION_FORMAT = "dwarf-with-dsym";
				ENABLE_NS_ASSERTIONS = NO;
				ENABLE_STRICT_OBJC_MSGSEND = YES;
				GCC_C_LANGUAGE_STANDARD = gnu11;
				GCC_NO_COMMON_BLOCKS = YES;
				GCC_WARN_64_TO_32_BIT_CONVERSION = YES;
				GCC_WARN_ABOUT_RETURN_TYPE = YES_ERROR;
				GCC_WARN_UNDECLARED_SELECTOR = YES;
				GCC_WARN_UNINITIALIZED_AUTOS = YES_AGGRESSIVE;
				GCC_WARN_UNUSED_FUNCTION = YES;
				GCC_WARN_UNUSED_VARIABLE = YES;
				IPHONEOS_DEPLOYMENT_TARGET = 11.1;
				MTL_ENABLE_DEBUG_INFO = NO;
				SDKROOT = iphoneos;
				SWIFT_OPTIMIZATION_LEVEL = "-Owholemodule";
				VALIDATE_PRODUCT = YES;
			};
			name = Release;
		};
		DDA1B6011FD8011800B02394 /* Debug */ = {
			isa = XCBuildConfiguration;
			buildSettings = {
				ASSETCATALOG_COMPILER_APPICON_NAME = AppIcon;
				CODE_SIGN_STYLE = Automatic;
				DEVELOPMENT_TEAM = 3C6Q8YXWU2;
				INFOPLIST_FILE = "ios-udp-dooropener/Info.plist";
				LD_RUNPATH_SEARCH_PATHS = "$(inherited) @executable_path/Frameworks";
				PRODUCT_BUNDLE_IDENTIFIER = "jonas.kreusch.ios-udp-dooropener";
				PRODUCT_NAME = "$(TARGET_NAME)";
				SWIFT_VERSION = 4.0;
				TARGETED_DEVICE_FAMILY = "1,2";
			};
			name = Debug;
		};
		DDA1B6021FD8011800B02394 /* Release */ = {
			isa = XCBuildConfiguration;
			buildSettings = {
				ASSETCATALOG_COMPILER_APPICON_NAME = AppIcon;
				CODE_SIGN_STYLE = Automatic;
				DEVELOPMENT_TEAM = 3C6Q8YXWU2;
				INFOPLIST_FILE = "ios-udp-dooropener/Info.plist";
				LD_RUNPATH_SEARCH_PATHS = "$(inherited) @executable_path/Frameworks";
				PRODUCT_BUNDLE_IDENTIFIER = "jonas.kreusch.ios-udp-dooropener";
				PRODUCT_NAME = "$(TARGET_NAME)";
				SWIFT_VERSION = 4.0;
				TARGETED_DEVICE_FAMILY = "1,2";
			};
			name = Release;
		};
/* End XCBuildConfiguration section */

/* Begin XCConfigurationList section */
		DDA1B5E91FD8011800B02394 /* Build configuration list for PBXProject "ios-udp-dooropener" */ = {
			isa = XCConfigurationList;
			buildConfigurations = (
				DDA1B5FE1FD8011800B02394 /* Debug */,
				DDA1B5FF1FD8011800B02394 /* Release */,
			);
			defaultConfigurationIsVisible = 0;
			defaultConfigurationName = Release;
		};
		DDA1B6001FD8011800B02394 /* Build configuration list for PBXNativeTarget "ios-udp-dooropener" */ = {
			isa = XCConfigurationList;
			buildConfigurations = (
				DDA1B6011FD8011800B02394 /* Debug */,
				DDA1B6021FD8011800B02394 /* Release */,
			);
			defaultConfigurationIsVisible = 0;
			defaultConfigurationName = Release;
		};
/* End XCConfigurationList section */
	};
	rootObject = DDA1B5E61FD8011800B02394 /* Project object */;
}
